
Microsoft Visual Studio Solution File, Format Version 12.00
# Visual Studio Version 17
VisualStudioVersion = 17.5.33414.496
MinimumVisualStudioVersion = 10.0.40219.1
Project("{FAE04EC0-301F-11D3-BF4B-00C04F79EFBC}") = "Roommates", "Roommates\Roommates.csproj", "{F65C58A2-B418-4F43-9C40-40D9A35015EB}"
EndProject
Global
	GlobalSection(SolutionConfigurationPlatforms) = preSolution
		Debug|Any CPU = Debug|Any CPU
		Release|Any CPU = Release|Any CPU
	EndGlobalSection
	GlobalSection(ProjectConfigurationPlatforms) = postSolution
		{F65C58A2-B418-4F43-9C40-40D9A35015EB}.Debug|Any CPU.ActiveCfg = Debug|Any CPU
		{F65C58A2-B418-4F43-9C40-40D9A35015EB}.Debug|Any CPU.Build.0 = Debug|Any CPU
		{F65C58A2-B418-4F43-9C40-40D9A35015EB}.Release|Any CPU.ActiveCfg = Release|Any CPU
		{F65C58A2-B418-4F43-9C40-40D9A35015EB}.Release|Any CPU.Build.0 = Release|Any CPU
	EndGlobalSection
	GlobalSection(SolutionProperties) = preSolution
		HideSolutionNode = FALSE
	EndGlobalSection
	GlobalSection(ExtensibilityGlobals) = postSolution
		SolutionGuid = {CCC4CB50-0C54-4FE1-869E-73DE7FF6D56E}
	EndGlobalSection
EndGlobal
